
Microsoft Visual Studio Solution File, Format Version 11.00
# Visual Studio 2010
Project("{FAE04EC0-301F-11D3-BF4B-00C04F79EFBC}") = "Crm.Templates", "Crm.Templates\Crm.Templates.csproj", "{34B24DCD-BD0D-4B8D-BE13-A30D79908718}"
EndProject
Global
	GlobalSection(SolutionConfigurationPlatforms) = preSolution
		Debug|Any CPU = Debug|Any CPU
		Release|Any CPU = Release|Any CPU
	EndGlobalSection
	GlobalSection(ProjectConfigurationPlatforms) = postSolution
		{34B24DCD-BD0D-4B8D-BE13-A30D79908718}.Debug|Any CPU.ActiveCfg = Debug|Any CPU
		{34B24DCD-BD0D-4B8D-BE13-A30D79908718}.Debug|Any CPU.Build.0 = Debug|Any CPU
		{34B24DCD-BD0D-4B8D-BE13-A30D79908718}.Release|Any CPU.ActiveCfg = Release|Any CPU
		{34B24DCD-BD0D-4B8D-BE13-A30D79908718}.Release|Any CPU.Build.0 = Release|Any CPU
	EndGlobalSection
	GlobalSection(SolutionProperties) = preSolution
		HideSolutionNode = FALSE
	EndGlobalSection
EndGlobal
